github.com/ricksancho/rarbg-torrentapi v0.0.0-20180502070042-4dd9a86d046d h1:t3Q9huEcZGNhfN86xKfdrlb76SxQNuNl6C7XG1/a36A=
github.com/ricksancho/rarbg-torrentapi v0.0.0-20180502070042-4dd9a86d046d/go.mod h1:fw1IMvvi8j++6eTdx3WKn8sUMFwjxZrQfOSp2AihNfo=
gopkg.in/bsm/ratelimit.v1 v1.0.0-20160220154919-db14e161995a h1:stTHdEoWg1pQ8riaP5ROrjS6zy6wewH/Q2iwnLCQUXY=
gopkg.in/bsm/ratelimit.v1 v1.0.0-20160220154919-db14e161995a/go.mod h1:KF9sEfUPAXdG8Oev9e99iLGnl2uJMjc5B+4y3O7x610=
